// !$*UTF8*$!
{
	archiveVersion = 1;
	classes = {
	};
	objectVersion = 46;
	objects = {

/* Begin PBXBuildFile section */
		2294D47C1C3EDC9C004328A3 /* Place.swift in Sources */ = {isa = PBXBuildFile; fileRef = 2294D47B1C3EDC9C004328A3 /* Place.swift */; };
		2294D4801C3EE840004328A3 /* MapKit.framework in Frameworks */ = {isa = PBXBuildFile; fileRef = 2294D47F1C3EE840004328A3 /* MapKit.framework */; };
		22C1A4381C3B1F8C00D51BFD /* AppDelegate.swift in Sources */ = {isa = PBXBuildFile; fileRef = 22C1A4371C3B1F8C00D51BFD /* AppDelegate.swift */; };
		22C1A43A1C3B1F8C00D51BFD /* ViewController.swift in Sources */ = {isa = PBXBuildFile; fileRef = 22C1A4391C3B1F8C00D51BFD /* ViewController.swift */; };
		22C1A43D1C3B1F8C00D51BFD /* Main.storyboard in Resources */ = {isa = PBXBuildFile; fileRef = 22C1A43B1C3B1F8C00D51BFD /* Main.storyboard */; };
		22C1A43F1C3B1F8C00D51BFD /* Assets.xcassets in Resources */ = {isa = PBXBuildFile; fileRef = 22C1A43E1C3B1F8C00D51BFD /* Assets.xcassets */; };
		22C1A4421C3B1F8C00D51BFD /* LaunchScreen.storyboard in Resources */ = {isa = PBXBuildFile; fileRef = 22C1A4401C3B1F8C00D51BFD /* LaunchScreen.storyboard */; };
/* End PBXBuildFile section */

/* Begin PBXFileReference section */
		2294D47B1C3EDC9C004328A3 /* Place.swift */ = {isa = PBXFileReference; fileEncoding = 4; lastKnownFileType = sourcecode.swift; path = Place.swift; sourceTree = "<group>"; };
		2294D47F1C3EE840004328A3 /* MapKit.framework */ = {isa = PBXFileReference; lastKnownFileType = wrapper.framework; name = MapKit.framework; path = System/Library/Frameworks/MapKit.framework; sourceTree = SDKROOT; };
		22C1A4341C3B1F8C00D51BFD /* WhereAmI.app */ = {isa = PBXFileReference; explicitFileType = wrapper.application; includeInIndex = 0; path = WhereAmI.app; sourceTree = BUILT_PRODUCTS_DIR; };
		22C1A4371C3B1F8C00D51BFD /* AppDelegate.swift */ = {isa = PBXFileReference; lastKnownFileType = sourcecode.swift; path = AppDelegate.swift; sourceTree = "<group>"; };
		22C1A4391C3B1F8C00D51BFD /* ViewController.swift */ = {isa = PBXFileReference; lastKnownFileType = sourcecode.swift; path = ViewController.swift; sourceTree = "<group>"; };
		22C1A43C1C3B1F8C00D51BFD /* Base */ = {isa = PBXFileReference; lastKnownFileType = file.storyboard; name = Base; path = Base.lproj/Main.storyboard; sourceTree = "<group>"; };
		22C1A43E1C3B1F8C00D51BFD /* Assets.xcassets */ = {isa = PBXFileReference; lastKnownFileType = folder.assetcatalog; path = Assets.xcassets; sourceTree = "<group>"; };
		22C1A4411C3B1F8C00D51BFD /* Base */ = {isa = PBXFileReference; lastKnownFileType = file.storyboard; name = Base; path = Base.lproj/LaunchScreen.storyboard; sourceTree = "<group>"; };
		22C1A4431C3B1F8C00D51BFD /* Info.plist */ = {isa = PBXFileReference; lastKnownFileType = text.plist.xml; path = Info.plist; sourceTree = "<group>"; };
/* End PBXFileReference section */

/* Begin PBXFrameworksBuildPhase section */
		22C1A4311C3B1F8C00D51BFD /* Frameworks */ = {
			isa = PBXFrameworksBuildPhase;
			buildActionMask = 2147483647;
			files = (
				2294D4801C3EE840004328A3 /* MapKit.framework in Frameworks */,
			);
			runOnlyForDeploymentPostprocessing = 0;
		};
/* End PBXFrameworksBuildPhase section */

/* Begin PBXGroup section */
		22C1A42B1C3B1F8B00D51BFD = {
			isa = PBXGroup;
			children = (
				2294D47F1C3EE840004328A3 /* MapKit.framework */,
				22C1A4361C3B1F8C00D51BFD /* WhereAmI */,
				22C1A4351C3B1F8C00D51BFD /* Products */,
			);
			sourceTree = "<group>";
		};
		22C1A4351C3B1F8C00D51BFD /* Products */ = {
			isa = PBXGroup;
			children = (
				22C1A4341C3B1F8C00D51BFD /* WhereAmI.app */,
			);
			name = Products;
			sourceTree = "<group>";
		};
		22C1A4361C3B1F8C00D51BFD /* WhereAmI */ = {
			isa = PBXGroup;
			children = (
				22C1A4371C3B1F8C00D51BFD /* AppDelegate.swift */,
				22C1A4391C3B1F8C00D51BFD /* ViewController.swift */,
				22C1A43B1C3B1F8C00D51BFD /* Main.storyboard */,
				22C1A43E1C3B1F8C00D51BFD /* Assets.xcassets */,
				22C1A4401C3B1F8C00D51BFD /* LaunchScreen.storyboard */,
				22C1A4431C3B1F8C00D51BFD /* Info.plist */,
				2294D47B1C3EDC9C004328A3 /* Place.swift */,
			);
			path = WhereAmI;
			sourceTree = "<group>";
		};
/* End PBXGroup section */

/* Begin PBXNativeTarget section */
		22C1A4331C3B1F8C00D51BFD /* WhereAmI */ = {
			isa = PBXNativeTarget;
			buildConfigurationList = 22C1A4461C3B1F8C00D51BFD /* Build configuration list for PBXNativeTarget "WhereAmI" */;
			buildPhases = (
				22C1A4301C3B1F8C00D51BFD /* Sources */,
				22C1A4311C3B1F8C00D51BFD /* Frameworks */,
				22C1A4321C3B1F8C00D51BFD /* Resources */,
			);
			buildRules = (
			);
			dependencies = (
			);
			name = WhereAmI;
			productName = WhereAmI;
			productReference = 22C1A4341C3B1F8C00D51BFD /* WhereAmI.app */;
			productType = "com.apple.product-type.application";
		};
/* End PBXNativeTarget section */

/* Begin PBXProject section */
		22C1A42C1C3B1F8B00D51BFD /* Project object */ = {
			isa = PBXProject;
			attributes = {
				LastSwiftUpdateCheck = 0720;
				LastUpgradeCheck = 0720;
				ORGANIZATIONNAME = "Tim Pryor";
				TargetAttributes = {
					22C1A4331C3B1F8C00D51BFD = {
						CreatedOnToolsVersion = 7.2;
						SystemCapabilities = {
							com.apple.Maps.iOS = {
								enabled = 1;
							};
						};
					};
				};
			};
			buildConfigurationList = 22C1A42F1C3B1F8C00D51BFD /* Build configuration list for PBXProject "WhereAmI" */;
			compatibilityVersion = "Xcode 3.2";
			developmentRegion = English;
			hasScannedForEncodings = 0;
			knownRegions = (
				en,
				Base,
			);
			mainGroup = 22C1A42B1C3B1F8B00D51BFD;
			productRefGroup = 22C1A4351C3B1F8C00D51BFD /* Products */;
			projectDirPath = "";
			projectRoot = "";
			targets = (
				22C1A4331C3B1F8C00D51BFD /* WhereAmI */,
			);
		};
/* End PBXProject section */

/* Begin PBXResourcesBuildPhase section */
		22C1A4321C3B1F8C00D51BFD /* Resources */ = {
			isa = PBXResourcesBuildPhase;
			buildActionMask = 2147483647;
			files = (
				22C1A4421C3B1F8C00D51BFD /* LaunchScreen.storyboard in Resources */,
				22C1A43F1C3B1F8C00D51BFD /* Assets.xcassets in Resources */,
				22C1A43D1C3B1F8C00D51BFD /* Main.storyboard in Resources */,
			);
			runOnlyForDeploymentPostprocessing = 0;
		};
/* End PBXResourcesBuildPhase section */

/* Begin PBXSourcesBuildPhase section */
		22C1A4301C3B1F8C00D51BFD /* Sources */ = {
			isa = PBXSourcesBuildPhase;
			buildActionMask = 2147483647;
			files = (
				2294D47C1C3EDC9C004328A3 /* Place.swift in Sources */,
				22C1A43A1C3B1F8C00D51BFD /* ViewController.swift in Sources */,
				22C1A4381C3B1F8C00D51BFD /* AppDelegate.swift in Sources */,
			);
			runOnlyForDeploymentPostprocessing = 0;
		};
/* End PBXSourcesBuildPhase section */

/* Begin PBXVariantGroup section */
		22C1A43B1C3B1F8C00D51BFD /* Main.storyboard */ = {
			isa = PBXVariantGroup;
			children = (
				22C1A43C1C3B1F8C00D51BFD /* Base */,
			);
			name = Main.storyboard;
			sourceTree = "<group>";
		};
		22C1A4401C3B1F8C00D51BFD /* LaunchScreen.storyboard */ = {
			isa = PBXVariantGroup;
			children = (
				22C1A4411C3B1F8C00D51BFD /* Base */,
			);
			name = LaunchScreen.storyboard;
			sourceTree = "<group>";
		};
/* End PBXVariantGroup section */

/* Begin XCBuildConfiguration section */
		22C1A4441C3B1F8C00D51BFD /* Debug */ = {
			isa = XCBuildConfiguration;
			buildSettings = {
				ALWAYS_SEARCH_USER_PATHS = NO;
				CLANG_CXX_LANGUAGE_STANDARD = "gnu++0x";
				CLANG_CXX_LIBRARY = "libc++";
				CLANG_ENABLE_MODULES = YES;
				CLANG_ENABLE_OBJC_ARC = YES;
				CLANG_WARN_BOOL_CONVERSION = YES;
				CLANG_WARN_CONSTANT_CONVERSION = YES;
				CLANG_WARN_DIRECT_OBJC_ISA_USAGE = YES_ERROR;
				CLANG_WARN_EMPTY_BODY = YES;
				CLANG_WARN_ENUM_CONVERSION = YES;
				CLANG_WARN_INT_CONVERSION = YES;
				CLANG_WARN_OBJC_ROOT_CLASS = YES_ERROR;
				CLANG_WARN_UNREACHABLE_CODE = YES;
				CLANG_WARN__DUPLICATE_METHOD_MATCH = YES;
				"CODE_SIGN_IDENTITY[sdk=iphoneos*]" = "iPhone Developer";
				COPY_PHASE_STRIP = NO;
				DEBUG_INFORMATION_FORMAT = dwarf;
				ENABLE_STRICT_OBJC_MSGSEND = YES;
				ENABLE_TESTABILITY = YES;
				GCC_C_LANGUAGE_STANDARD = gnu99;
				GCC_DYNAMIC_NO_PIC = NO;
				GCC_NO_COMMON_BLOCKS = YES;
				GCC_OPTIMIZATION_LEVEL = 0;
				GCC_PREPROCESSOR_DEFINITIONS = (
					"DEBUG=1",
					"$(inherited)",
				);
				GCC_WARN_64_TO_32_BIT_CONVERSION = YES;
				GCC_WARN_ABOUT_RETURN_TYPE = YES_ERROR;
				GCC_WARN_UNDECLARED_SELECTOR = YES;
				GCC_WARN_UNINITIALIZED_AUTOS = YES_AGGRESSIVE;
				GCC_WARN_UNUSED_FUNCTION = YES;
				GCC_WARN_UNUSED_VARIABLE = YES;
				IPHONEOS_DEPLOYMENT_TARGET = 9.2;
				MTL_ENABLE_DEBUG_INFO = YES;
				ONLY_ACTIVE_ARCH = YES;
				SDKROOT = iphoneos;
				SWIFT_OPTIMIZATION_LEVEL = "-Onone";
				TARGETED_DEVICE_FAMILY = "1,2";
			};
			name = Debug;
		};
		22C1A4451C3B1F8C00D51BFD /* Release */ = {
			isa = XCBuildConfiguration;
			buildSettings = {
				ALWAYS_SEARCH_USER_PATHS = NO;
				CLANG_CXX_LANGUAGE_STANDARD = "gnu++0x";
				CLANG_CXX_LIBRARY = "libc++";
				CLANG_ENABLE_MODULES = YES;
				CLANG_ENABLE_OBJC_ARC = YES;
				CLANG_WARN_BOOL_CONVERSION = YES;
				CLANG_WARN_CONSTANT_CONVERSION = YES;
				CLANG_WARN_DIRECT_OBJC_ISA_USAGE = YES_ERROR;
				CLANG_WARN_EMPTY_BODY = YES;
				CLANG_WARN_ENUM_CONVERSION = YES;
				CLANG_WARN_INT_CONVERSION = YES;
				CLANG_WARN_OBJC_ROOT_CLASS = YES_ERROR;
				CLANG_WARN_UNREACHABLE_CODE = YES;
				CLANG_WARN__DUPLICATE_METHOD_MATCH = YES;
				"CODE_SIGN_IDENTITY[sdk=iphoneos*]" = "iPhone Developer";
				COPY_PHASE_STRIP = NO;
				DEBUG_INFORMATION_FORMAT = "dwarf-with-dsym";
				ENABLE_NS_ASSERTIONS = NO;
				ENABLE_STRICT_OBJC_MSGSEND = YES;
				GCC_C_LANGUAGE_STANDARD = gnu99;
				GCC_NO_COMMON_BLOCKS = YES;
				GCC_WARN_64_TO_32_BIT_CONVERSION = YES;
				GCC_WARN_ABOUT_RETURN_TYPE = YES_ERROR;
				GCC_WARN_UNDECLARED_SELECTOR = YES;
				GCC_WARN_UNINITIALIZED_AUTOS = YES_AGGRESSIVE;
				GCC_WARN_UNUSED_FUNCTION = YES;
				GCC_WARN_UNUSED_VARIABLE = YES;
				IPHONEOS_DEPLOYMENT_TARGET = 9.2;
				MTL_ENABLE_DEBUG_INFO = NO;
				SDKROOT = iphoneos;
				TARGETED_DEVICE_FAMILY = "1,2";
				VALIDATE_PRODUCT = YES;
			};
			name = Release;
		};
		22C1A4471C3B1F8C00D51BFD /* Debug */ = {
			isa = XCBuildConfiguration;
			buildSettings = {
				ASSETCATALOG_COMPILER_APPICON_NAME = AppIcon;
				INFOPLIST_FILE = WhereAmI/Info.plist;
				LD_RUNPATH_SEARCH_PATHS = "$(inherited) @executable_path/Frameworks";
				PRODUCT_BUNDLE_IDENTIFIER = com.example.WhereAmI;
				PRODUCT_NAME = "$(TARGET_NAME)";
			};
			name = Debug;
		};
		22C1A4481C3B1F8C00D51BFD /* Release */ = {
			isa = XCBuildConfiguration;
			buildSettings = {
				ASSETCATALOG_COMPILER_APPICON_NAME = AppIcon;
				INFOPLIST_FILE = WhereAmI/Info.plist;
				LD_RUNPATH_SEARCH_PATHS = "$(inherited) @executable_path/Frameworks";
				PRODUCT_BUNDLE_IDENTIFIER = com.example.WhereAmI;
				PRODUCT_NAME = "$(TARGET_NAME)";
			};
			name = Release;
		};
/* End XCBuildConfiguration section */

/* Begin XCConfigurationList section */
		22C1A42F1C3B1F8C00D51BFD /* Build configuration list for PBXProject "WhereAmI" */ = {
			isa = XCConfigurationList;
			buildConfigurations = (
				22C1A4441C3B1F8C00D51BFD /* Debug */,
				22C1A4451C3B1F8C00D51BFD /* Release */,
			);
			defaultConfigurationIsVisible = 0;
			defaultConfigurationName = Release;
		};
		22C1A4461C3B1F8C00D51BFD /* Build configuration list for PBXNativeTarget "WhereAmI" */ = {
			isa = XCConfigurationList;
			buildConfigurations = (
				22C1A4471C3B1F8C00D51BFD /* Debug */,
				22C1A4481C3B1F8C00D51BFD /* Release */,
			);
			defaultConfigurationIsVisible = 0;
			defaultConfigurationName = Release;
		};
/* End XCConfigurationList section */
	};
	rootObject = 22C1A42C1C3B1F8B00D51BFD /* Project object */;
}
